
Microsoft Visual Studio Solution File, Format Version 12.00
# Visual Studio Version 16
VisualStudioVersion = 16.0.31424.327
MinimumVisualStudioVersion = 10.0.40219.1
Project("{FAE04EC0-301F-11D3-BF4B-00C04F79EFBC}") = "GalaxyProtector", "GalaxyProtector\GalaxyProtector.csproj", "{46A100AC-F06D-4291-A465-C9A20765380C}"
EndProject
Global
	GlobalSection(SolutionConfigurationPlatforms) = preSolution
		Debug|Any CPU = Debug|Any CPU
		Release|Any CPU = Release|Any CPU
	EndGlobalSection
	GlobalSection(ProjectConfigurationPlatforms) = postSolution
		{46A100AC-F06D-4291-A465-C9A20765380C}.Debug|Any CPU.ActiveCfg = Debug|Any CPU
		{46A100AC-F06D-4291-A465-C9A20765380C}.Debug|Any CPU.Build.0 = Debug|Any CPU
		{46A100AC-F06D-4291-A465-C9A20765380C}.Release|Any CPU.ActiveCfg = Release|Any CPU
		{46A100AC-F06D-4291-A465-C9A20765380C}.Release|Any CPU.Build.0 = Release|Any CPU
	EndGlobalSection
	GlobalSection(SolutionProperties) = preSolution
		HideSolutionNode = FALSE
	EndGlobalSection
	GlobalSection(ExtensibilityGlobals) = postSolution
		SolutionGuid = {DD5676BB-1CCB-474F-9BC9-097FA9FB006F}
	EndGlobalSection
EndGlobal
